{
    "name": "dxf-viewer",
    "version": "1.0.24",
    "lockfileVersion": 1,
    "requires": true,
    "dependencies": {
        "@types/three": {
            "version": "0.149.0",
            "resolved": "https://registry.npmjs.org/@types/three/-/three-0.149.0.tgz",
            "integrity": "sha512-fgNBm9LWc65ER/W0cvoXdC0iMy7Ke9e2CONmEr6Jt8sDSY3sw4DgOubZfmdZ747dkPhbQrgRQAWwDEr2S/7IEg==",
            "requires": {
                "@types/webxr": "*"
            }
        },
        "@types/webxr": {
            "version": "0.5.1",
            "resolved": "https://registry.npmjs.org/@types/webxr/-/webxr-0.5.1.tgz",
            "integrity": "sha512-xlFXPfgJR5vIuDefhaHuUM9uUgvPaXB6GKdXy2gdEh8gBWQZ2ul24AJz3foUd8NNKlSTQuWYJpCb1/pL81m1KQ=="
        },
        "loglevel": {
            "version": "1.8.1",
            "resolved": "https://registry.npmjs.org/loglevel/-/loglevel-1.8.1.tgz",
            "integrity": "sha512-tCRIJM51SHjAayKwC+QAg8hT8vg6z7GSgLJKGvzuPb1Wc+hLzqtuVLxp6/HzSPOozuK+8ErAhy7U/sVzw8Dgfg=="
        },
        "opentype.js": {
            "version": "1.3.4",
            "resolved": "https://registry.npmjs.org/opentype.js/-/opentype.js-1.3.4.tgz",
            "integrity": "sha512-d2JE9RP/6uagpQAVtJoF0pJJA/fgai89Cc50Yp0EJHk+eLp6QQ7gBoblsnubRULNY132I0J1QKMJ+JTbMqz4sw==",
            "requires": {
                "string.prototype.codepointat": "^0.2.1",
                "tiny-inflate": "^1.0.3"
            }
        },
        "string.prototype.codepointat": {
            "version": "0.2.1",
            "resolved": "https://registry.npmjs.org/string.prototype.codepointat/-/string.prototype.codepointat-0.2.1.tgz",
            "integrity": "sha512-2cBVCj6I4IOvEnjgO/hWqXjqBGsY+zwPmHl12Srk9IXSZ56Jwwmy+66XO5Iut/oQVR7t5ihYdLB0GMa4alEUcg=="
        },
        "three": {
            "version": "0.150.1",
            "resolved": "https://registry.npmjs.org/three/-/three-0.150.1.tgz",
            "integrity": "sha512-5C1MqKUWaHYo13BX0Q64qcdwImgnnjSOFgBscOzAo8MYCzEtqfQqorEKMcajnA3FHy1yVlIe9AmaMQ0OQracNA=="
        },
        "tiny-inflate": {
            "version": "1.0.3",
            "resolved": "https://registry.npmjs.org/tiny-inflate/-/tiny-inflate-1.0.3.tgz",
            "integrity": "sha512-pkY1fj1cKHb2seWDy0B16HeWyczlJA9/WW3u3c4z/NiWDsO3DOU5D7nhTLE9CF0yXv/QZFY7sEJmj24dK+Rrqw=="
        }
    }
}
